
Microsoft Visual Studio Solution File, Format Version 12.00
# Visual Studio Version 16
VisualStudioVersion = 16.0.31112.23
MinimumVisualStudioVersion = 10.0.40219.1
Project("{9A19103F-16F7-4668-BE54-9A1E7A4F7556}") = "WordPuzzleBusiness", "WordPuzzle\WordPuzzleBusiness.csproj", "{F641035B-CC67-4BBB-89AC-DC9C9FA105A5}"
EndProject
Project("{9A19103F-16F7-4668-BE54-9A1E7A4F7556}") = "WordPuzzleData", "WordPuzzleData\WordPuzzleData.csproj", "{97E8A3EE-359D-45F6-97A8-765259E87F06}"
EndProject
Project("{9A19103F-16F7-4668-BE54-9A1E7A4F7556}") = "WordPuzzleTest", "WordPuzzleTest\WordPuzzleTest.csproj", "{A7E93655-BFAC-4864-9C19-35ADF5B5899C}"
EndProject
Project("{9A19103F-16F7-4668-BE54-9A1E7A4F7556}") = "WordPuzzleWPF", "WordPuzzleWPF\WordPuzzleWPF.csproj", "{3511A8E9-6984-4576-97B4-7FA5E60C07E6}"
EndProject
Global
	GlobalSection(SolutionConfigurationPlatforms) = preSolution
		Debug|Any CPU = Debug|Any CPU
		Release|Any CPU = Release|Any CPU
	EndGlobalSection
	GlobalSection(ProjectConfigurationPlatforms) = postSolution
		{F641035B-CC67-4BBB-89AC-DC9C9FA105A5}.Debug|Any CPU.ActiveCfg = Debug|Any CPU
		{F641035B-CC67-4BBB-89AC-DC9C9FA105A5}.Debug|Any CPU.Build.0 = Debug|Any CPU
		{F641035B-CC67-4BBB-89AC-DC9C9FA105A5}.Release|Any CPU.ActiveCfg = Release|Any CPU
		{F641035B-CC67-4BBB-89AC-DC9C9FA105A5}.Release|Any CPU.Build.0 = Release|Any CPU
		{97E8A3EE-359D-45F6-97A8-765259E87F06}.Debug|Any CPU.ActiveCfg = Debug|Any CPU
		{97E8A3EE-359D-45F6-97A8-765259E87F06}.Debug|Any CPU.Build.0 = Debug|Any CPU
		{97E8A3EE-359D-45F6-97A8-765259E87F06}.Release|Any CPU.ActiveCfg = Release|Any CPU
		{97E8A3EE-359D-45F6-97A8-765259E87F06}.Release|Any CPU.Build.0 = Release|Any CPU
		{A7E93655-BFAC-4864-9C19-35ADF5B5899C}.Debug|Any CPU.ActiveCfg = Debug|Any CPU
		{A7E93655-BFAC-4864-9C19-35ADF5B5899C}.Debug|Any CPU.Build.0 = Debug|Any CPU
		{A7E93655-BFAC-4864-9C19-35ADF5B5899C}.Release|Any CPU.ActiveCfg = Release|Any CPU
		{A7E93655-BFAC-4864-9C19-35ADF5B5899C}.Release|Any CPU.Build.0 = Release|Any CPU
		{3511A8E9-6984-4576-97B4-7FA5E60C07E6}.Debug|Any CPU.ActiveCfg = Debug|Any CPU
		{3511A8E9-6984-4576-97B4-7FA5E60C07E6}.Debug|Any CPU.Build.0 = Debug|Any CPU
		{3511A8E9-6984-4576-97B4-7FA5E60C07E6}.Release|Any CPU.ActiveCfg = Release|Any CPU
		{3511A8E9-6984-4576-97B4-7FA5E60C07E6}.Release|Any CPU.Build.0 = Release|Any CPU
	EndGlobalSection
	GlobalSection(SolutionProperties) = preSolution
		HideSolutionNode = FALSE
	EndGlobalSection
	GlobalSection(ExtensibilityGlobals) = postSolution
		SolutionGuid = {288503AA-B385-4330-A708-1D4936DA60A2}
	EndGlobalSection
EndGlobal
